
Microsoft Visual Studio Solution File, Format Version 12.00
# Visual Studio 14
VisualStudioVersion = 14.0.25420.1
MinimumVisualStudioVersion = 10.0.40219.1
Project("{8BC9CEB8-8B4A-11D0-8D11-00A0C91BC942}") = "动态联编和静态联编", "动态联编和静态联编\动态联编和静态联编.vcxproj", "{DC012E55-1ADE-43CC-B3AA-D2D3D0CD4125}"
EndProject
Project("{8BC9CEB8-8B4A-11D0-8D11-00A0C91BC942}") = "菱形继承", "..\菱形继承\菱形继承\菱形继承.vcxproj", "{98D6A457-BAD8-447A-BC14-BE49DB83AEC4}"
EndProject
Project("{8BC9CEB8-8B4A-11D0-8D11-00A0C91BC942}") = "多继承", "..\多继承\多继承\多继承.vcxproj", "{DD6C5DFC-009D-4BC1-91E7-B623D2DEC9F1}"
EndProject
Project("{8BC9CEB8-8B4A-11D0-8D11-00A0C91BC942}") = "继承中的静态成员特性", "..\继承中同名成员的处理方法\继承中的静态成员特性\继承中的静态成员特性.vcxproj", "{06336482-6858-4BC4-9138-04BC7DF5DE60}"
EndProject
Project("{8BC9CEB8-8B4A-11D0-8D11-00A0C91BC942}") = "继承中同名成员的处理方法", "..\继承中同名成员的处理方法\继承中同名成员的处理方法\继承中同名成员的处理方法.vcxproj", "{158856F1-6792-4B97-A36E-F6A392B0C460}"
EndProject
Global
	GlobalSection(SolutionConfigurationPlatforms) = preSolution
		Debug|x64 = Debug|x64
		Debug|x86 = Debug|x86
		Release|x64 = Release|x64
		Release|x86 = Release|x86
	EndGlobalSection
	GlobalSection(ProjectConfigurationPlatforms) = postSolution
		{DC012E55-1ADE-43CC-B3AA-D2D3D0CD4125}.Debug|x64.ActiveCfg = Debug|x64
		{DC012E55-1ADE-43CC-B3AA-D2D3D0CD4125}.Debug|x64.Build.0 = Debug|x64
		{DC012E55-1ADE-43CC-B3AA-D2D3D0CD4125}.Debug|x86.ActiveCfg = Debug|Win32
		{DC012E55-1ADE-43CC-B3AA-D2D3D0CD4125}.Debug|x86.Build.0 = Debug|Win32
		{DC012E55-1ADE-43CC-B3AA-D2D3D0CD4125}.Release|x64.ActiveCfg = Release|x64
		{DC012E55-1ADE-43CC-B3AA-D2D3D0CD4125}.Release|x64.Build.0 = Release|x64
		{DC012E55-1ADE-43CC-B3AA-D2D3D0CD4125}.Release|x86.ActiveCfg = Release|Win32
		{DC012E55-1ADE-43CC-B3AA-D2D3D0CD4125}.Release|x86.Build.0 = Release|Win32
		{98D6A457-BAD8-447A-BC14-BE49DB83AEC4}.Debug|x64.ActiveCfg = Debug|x64
		{98D6A457-BAD8-447A-BC14-BE49DB83AEC4}.Debug|x64.Build.0 = Debug|x64
		{98D6A457-BAD8-447A-BC14-BE49DB83AEC4}.Debug|x86.ActiveCfg = Debug|Win32
		{98D6A457-BAD8-447A-BC14-BE49DB83AEC4}.Debug|x86.Build.0 = Debug|Win32
		{98D6A457-BAD8-447A-BC14-BE49DB83AEC4}.Release|x64.ActiveCfg = Release|x64
		{98D6A457-BAD8-447A-BC14-BE49DB83AEC4}.Release|x64.Build.0 = Release|x64
		{98D6A457-BAD8-447A-BC14-BE49DB83AEC4}.Release|x86.ActiveCfg = Release|Win32
		{98D6A457-BAD8-447A-BC14-BE49DB83AEC4}.Release|x86.Build.0 = Release|Win32
		{DD6C5DFC-009D-4BC1-91E7-B623D2DEC9F1}.Debug|x64.ActiveCfg = Debug|x64
		{DD6C5DFC-009D-4BC1-91E7-B623D2DEC9F1}.Debug|x64.Build.0 = Debug|x64
		{DD6C5DFC-009D-4BC1-91E7-B623D2DEC9F1}.Debug|x86.ActiveCfg = Debug|Win32
		{DD6C5DFC-009D-4BC1-91E7-B623D2DEC9F1}.Debug|x86.Build.0 = Debug|Win32
		{DD6C5DFC-009D-4BC1-91E7-B623D2DEC9F1}.Release|x64.ActiveCfg = Release|x64
		{DD6C5DFC-009D-4BC1-91E7-B623D2DEC9F1}.Release|x64.Build.0 = Release|x64
		{DD6C5DFC-009D-4BC1-91E7-B623D2DEC9F1}.Release|x86.ActiveCfg = Release|Win32
		{DD6C5DFC-009D-4BC1-91E7-B623D2DEC9F1}.Release|x86.Build.0 = Release|Win32
		{06336482-6858-4BC4-9138-04BC7DF5DE60}.Debug|x64.ActiveCfg = Debug|x64
		{06336482-6858-4BC4-9138-04BC7DF5DE60}.Debug|x64.Build.0 = Debug|x64
		{06336482-6858-4BC4-9138-04BC7DF5DE60}.Debug|x86.ActiveCfg = Debug|Win32
		{06336482-6858-4BC4-9138-04BC7DF5DE60}.Debug|x86.Build.0 = Debug|Win32
		{06336482-6858-4BC4-9138-04BC7DF5DE60}.Release|x64.ActiveCfg = Release|x64
		{06336482-6858-4BC4-9138-04BC7DF5DE60}.Release|x64.Build.0 = Release|x64
		{06336482-6858-4BC4-9138-04BC7DF5DE60}.Release|x86.ActiveCfg = Release|Win32
		{06336482-6858-4BC4-9138-04BC7DF5DE60}.Release|x86.Build.0 = Release|Win32
		{158856F1-6792-4B97-A36E-F6A392B0C460}.Debug|x64.ActiveCfg = Debug|x64
		{158856F1-6792-4B97-A36E-F6A392B0C460}.Debug|x64.Build.0 = Debug|x64
		{158856F1-6792-4B97-A36E-F6A392B0C460}.Debug|x86.ActiveCfg = Debug|Win32
		{158856F1-6792-4B97-A36E-F6A392B0C460}.Debug|x86.Build.0 = Debug|Win32
		{158856F1-6792-4B97-A36E-F6A392B0C460}.Release|x64.ActiveCfg = Release|x64
		{158856F1-6792-4B97-A36E-F6A392B0C460}.Release|x64.Build.0 = Release|x64
		{158856F1-6792-4B97-A36E-F6A392B0C460}.Release|x86.ActiveCfg = Release|Win32
		{158856F1-6792-4B97-A36E-F6A392B0C460}.Release|x86.Build.0 = Release|Win32
	EndGlobalSection
	GlobalSection(SolutionProperties) = preSolution
		HideSolutionNode = FALSE
	EndGlobalSection
EndGlobal
